
Microsoft Visual Studio Solution File, Format Version 12.00
# Visual Studio Version 17
VisualStudioVersion = 17.10.35027.167
MinimumVisualStudioVersion = 10.0.40219.1
Project("{FAE04EC0-301F-11D3-BF4B-00C04F79EFBC}") = "DataContainers", "DataContainers\DataContainers.csproj", "{DED1A429-836B-4494-A69D-4B8A4E8652BE}"
EndProject
Global
	GlobalSection(SolutionConfigurationPlatforms) = preSolution
		Debug|Any CPU = Debug|Any CPU
		Release|Any CPU = Release|Any CPU
	EndGlobalSection
	GlobalSection(ProjectConfigurationPlatforms) = postSolution
		{DED1A429-836B-4494-A69D-4B8A4E8652BE}.Debug|Any CPU.ActiveCfg = Debug|Any CPU
		{DED1A429-836B-4494-A69D-4B8A4E8652BE}.Debug|Any CPU.Build.0 = Debug|Any CPU
		{DED1A429-836B-4494-A69D-4B8A4E8652BE}.Release|Any CPU.ActiveCfg = Release|Any CPU
		{DED1A429-836B-4494-A69D-4B8A4E8652BE}.Release|Any CPU.Build.0 = Release|Any CPU
	EndGlobalSection
	GlobalSection(SolutionProperties) = preSolution
		HideSolutionNode = FALSE
	EndGlobalSection
	GlobalSection(ExtensibilityGlobals) = postSolution
		SolutionGuid = {5CB9136C-9CAE-40D1-9D30-7892E4A39314}
	EndGlobalSection
EndGlobal
